// !$*UTF8*$!
{
	archiveVersion = 1;
	classes = {
	};
	objectVersion = 56;
	objects = {

/* Begin PBXBuildFile section */
		AB11D0D92B28574300567E4C /* AppDelegate.swift in Sources */ = {isa = PBXBuildFile; fileRef = AB11D0D82B28574300567E4C /* AppDelegate.swift */; };
		AB11D0DB2B28574300567E4C /* SceneDelegate.swift in Sources */ = {isa = PBXBuildFile; fileRef = AB11D0DA2B28574300567E4C /* SceneDelegate.swift */; };
		AB11D0DD2B28574300567E4C /* MainTabVC.swift in Sources */ = {isa = PBXBuildFile; fileRef = AB11D0DC2B28574300567E4C /* MainTabVC.swift */; };
		AB11D0E22B28574500567E4C /* Assets.xcassets in Resources */ = {isa = PBXBuildFile; fileRef = AB11D0E12B28574500567E4C /* Assets.xcassets */; };
		AB11D0E52B28574500567E4C /* LaunchScreen.storyboard in Resources */ = {isa = PBXBuildFile; fileRef = AB11D0E32B28574500567E4C /* LaunchScreen.storyboard */; };
		AB11D0F02B28574500567E4C /* RMAppTests.swift in Sources */ = {isa = PBXBuildFile; fileRef = AB11D0EF2B28574500567E4C /* RMAppTests.swift */; };
		AB11D0FA2B28574500567E4C /* RMAppUITests.swift in Sources */ = {isa = PBXBuildFile; fileRef = AB11D0F92B28574500567E4C /* RMAppUITests.swift */; };
		AB11D0FC2B28574500567E4C /* RMAppUITestsLaunchTests.swift in Sources */ = {isa = PBXBuildFile; fileRef = AB11D0FB2B28574500567E4C /* RMAppUITestsLaunchTests.swift */; };
		AB11D1142B285DE000567E4C /* CharacterVC.swift in Sources */ = {isa = PBXBuildFile; fileRef = AB11D1132B285DE000567E4C /* CharacterVC.swift */; };
		AB11D1162B285DF700567E4C /* LocationVC.swift in Sources */ = {isa = PBXBuildFile; fileRef = AB11D1152B285DF700567E4C /* LocationVC.swift */; };
		AB11D1182B285E0B00567E4C /* EpisodeVC.swift in Sources */ = {isa = PBXBuildFile; fileRef = AB11D1172B285E0B00567E4C /* EpisodeVC.swift */; };
		AB11D11A2B285E2300567E4C /* SettingsVC.swift in Sources */ = {isa = PBXBuildFile; fileRef = AB11D1192B285E2300567E4C /* SettingsVC.swift */; };
		AB11D11C2B285E9700567E4C /* RMLocation.swift in Sources */ = {isa = PBXBuildFile; fileRef = AB11D11B2B285E9700567E4C /* RMLocation.swift */; };
		AB11D11E2B285EAB00567E4C /* RMEpisode.swift in Sources */ = {isa = PBXBuildFile; fileRef = AB11D11D2B285EAB00567E4C /* RMEpisode.swift */; };
		AB11D1202B285EBC00567E4C /* RMCharacter.swift in Sources */ = {isa = PBXBuildFile; fileRef = AB11D11F2B285EBC00567E4C /* RMCharacter.swift */; };
		AB11D1222B28AC4C00567E4C /* RMService.swift in Sources */ = {isa = PBXBuildFile; fileRef = AB11D1212B28AC4C00567E4C /* RMService.swift */; };
		AB11D1242B28AC5B00567E4C /* RMRequest.swift in Sources */ = {isa = PBXBuildFile; fileRef = AB11D1232B28AC5B00567E4C /* RMRequest.swift */; };
		AB11D1262B28AD3A00567E4C /* RMEndpoint.swift in Sources */ = {isa = PBXBuildFile; fileRef = AB11D1252B28AD3A00567E4C /* RMEndpoint.swift */; };
		AB2C1BB62B5A8E6100722CB6 /* CharacterListViewModel.swift in Sources */ = {isa = PBXBuildFile; fileRef = AB2C1BB52B5A8E6100722CB6 /* CharacterListViewModel.swift */; };
		AB2C1BB82B5A8F0500722CB6 /* CharacterListView.swift in Sources */ = {isa = PBXBuildFile; fileRef = AB2C1BB72B5A8F0500722CB6 /* CharacterListView.swift */; };
		AB2C1BBA2B5A9E5800722CB6 /* Extensions.swift in Sources */ = {isa = PBXBuildFile; fileRef = AB2C1BB92B5A9E5800722CB6 /* Extensions.swift */; };
		AB2CD3272B5E6C4700EB6AFF /* CharacterCollectionViewCell.swift in Sources */ = {isa = PBXBuildFile; fileRef = AB2CD3262B5E6C4700EB6AFF /* CharacterCollectionViewCell.swift */; };
		AB2CD3292B5E6DCE00EB6AFF /* CharacterCellViewModel.swift in Sources */ = {isa = PBXBuildFile; fileRef = AB2CD3282B5E6DCE00EB6AFF /* CharacterCellViewModel.swift */; };
		AB2CD32C2B5EB66B00EB6AFF /* CharacterDetailVC.swift in Sources */ = {isa = PBXBuildFile; fileRef = AB2CD32B2B5EB66B00EB6AFF /* CharacterDetailVC.swift */; };
		AB2CD32E2B5EB7AF00EB6AFF /* CharacterDetailView.swift in Sources */ = {isa = PBXBuildFile; fileRef = AB2CD32D2B5EB7AF00EB6AFF /* CharacterDetailView.swift */; };
		AB2CD3302B5EB7DF00EB6AFF /* CharacterDetailViewModel.swift in Sources */ = {isa = PBXBuildFile; fileRef = AB2CD32F2B5EB7DF00EB6AFF /* CharacterDetailViewModel.swift */; };
		AB2CD3332B5EC53800EB6AFF /* FooterLoadingCollectionReusableView.swift in Sources */ = {isa = PBXBuildFile; fileRef = AB2CD3322B5EC53800EB6AFF /* FooterLoadingCollectionReusableView.swift */; };
		AB2CD3352B60FF6300EB6AFF /* ImageManager.swift in Sources */ = {isa = PBXBuildFile; fileRef = AB2CD3342B60FF6300EB6AFF /* ImageManager.swift */; };
		AB2CD33F2B62C0D800EB6AFF /* PhotoCharacterDetailCell.swift in Sources */ = {isa = PBXBuildFile; fileRef = AB2CD33E2B62C0D800EB6AFF /* PhotoCharacterDetailCell.swift */; };
		AB2CD3412B62C0F300EB6AFF /* InfoCharacterDetailCell.swift in Sources */ = {isa = PBXBuildFile; fileRef = AB2CD3402B62C0F300EB6AFF /* InfoCharacterDetailCell.swift */; };
		AB2CD3432B62C10900EB6AFF /* EpisodeCharacterDetailCell.swift in Sources */ = {isa = PBXBuildFile; fileRef = AB2CD3422B62C10900EB6AFF /* EpisodeCharacterDetailCell.swift */; };
		AB2CD3472B62C1D100EB6AFF /* PhotoCharacterDetailCellViewModel.swift in Sources */ = {isa = PBXBuildFile; fileRef = AB2CD3462B62C1D100EB6AFF /* PhotoCharacterDetailCellViewModel.swift */; };
		AB2CD34B2B62C2C400EB6AFF /* InfoCharacterDetailCellViewModel.swift in Sources */ = {isa = PBXBuildFile; fileRef = AB2CD34A2B62C2C400EB6AFF /* InfoCharacterDetailCellViewModel.swift */; };
		AB2CD34D2B62C2D400EB6AFF /* EpisodeCharacterDetailCellViewModel.swift in Sources */ = {isa = PBXBuildFile; fileRef = AB2CD34C2B62C2D400EB6AFF /* EpisodeCharacterDetailCellViewModel.swift */; };
		AB2CD34F2B67BD6500EB6AFF /* EpisodeDetailVC.swift in Sources */ = {isa = PBXBuildFile; fileRef = AB2CD34E2B67BD6500EB6AFF /* EpisodeDetailVC.swift */; };
		AB2CD3512B68E5EA00EB6AFF /* APICacheManager.swift in Sources */ = {isa = PBXBuildFile; fileRef = AB2CD3502B68E5EA00EB6AFF /* APICacheManager.swift */; };
		AB2CD3542B68EE7200EB6AFF /* EpisodeDetailViewModel.swift in Sources */ = {isa = PBXBuildFile; fileRef = AB2CD3532B68EE7200EB6AFF /* EpisodeDetailViewModel.swift */; };
		AB2CD3572B68EF5300EB6AFF /* EpisodeDetailView.swift in Sources */ = {isa = PBXBuildFile; fileRef = AB2CD3562B68EF5300EB6AFF /* EpisodeDetailView.swift */; };
		AB2CD35C2B69042700EB6AFF /* EpisodeListView.swift in Sources */ = {isa = PBXBuildFile; fileRef = AB2CD35B2B69042700EB6AFF /* EpisodeListView.swift */; };
		AB2CD3612B69055800EB6AFF /* EpisodeListViewModel.swift in Sources */ = {isa = PBXBuildFile; fileRef = AB2CD3602B69055800EB6AFF /* EpisodeListViewModel.swift */; };
		AB2CD3632B690E5600EB6AFF /* RMGetAllEpisodesResponse.swift in Sources */ = {isa = PBXBuildFile; fileRef = AB2CD3622B690E5600EB6AFF /* RMGetAllEpisodesResponse.swift */; };
		AB2CD3662B69243900EB6AFF /* SearchVC.swift in Sources */ = {isa = PBXBuildFile; fileRef = AB2CD3652B69243900EB6AFF /* SearchVC.swift */; };
		AB2CD3692B6D086D00EB6AFF /* EpisodeDetailViewCell.swift in Sources */ = {isa = PBXBuildFile; fileRef = AB2CD3682B6D086D00EB6AFF /* EpisodeDetailViewCell.swift */; };
		AB2CD36C2B6D099800EB6AFF /* EpisodeDetailCellViewModel.swift in Sources */ = {isa = PBXBuildFile; fileRef = AB2CD36B2B6D099800EB6AFF /* EpisodeDetailCellViewModel.swift */; };
		AB2CD36E2B723E6600EB6AFF /* DateFormatter.swift in Sources */ = {isa = PBXBuildFile; fileRef = AB2CD36D2B723E6600EB6AFF /* DateFormatter.swift */; };
		AB2CD3712B73D50400EB6AFF /* SettingsViewModel.swift in Sources */ = {isa = PBXBuildFile; fileRef = AB2CD3702B73D50400EB6AFF /* SettingsViewModel.swift */; };
		AB2CD3752B73D5A300EB6AFF /* SettingsCellViewModel.swift in Sources */ = {isa = PBXBuildFile; fileRef = AB2CD3742B73D5A300EB6AFF /* SettingsCellViewModel.swift */; };
		AB2CD3772B73D65800EB6AFF /* SettingsOption.swift in Sources */ = {isa = PBXBuildFile; fileRef = AB2CD3762B73D65800EB6AFF /* SettingsOption.swift */; };
		AB2CD37A2B73DDBE00EB6AFF /* SettingsView.swift in Sources */ = {isa = PBXBuildFile; fileRef = AB2CD3792B73DDBE00EB6AFF /* SettingsView.swift */; };
		AB4210B32B75068800A554F7 /* LocationListView.swift in Sources */ = {isa = PBXBuildFile; fileRef = AB4210B22B75068800A554F7 /* LocationListView.swift */; };
		AB4210B62B750E1D00A554F7 /* LocationListViewModel.swift in Sources */ = {isa = PBXBuildFile; fileRef = AB4210B52B750E1D00A554F7 /* LocationListViewModel.swift */; };
		AB4210B82B75161600A554F7 /* RMGetAllLocationsResponse.swift in Sources */ = {isa = PBXBuildFile; fileRef = AB4210B72B75161600A554F7 /* RMGetAllLocationsResponse.swift */; };
		AB4210BB2B75228000A554F7 /* LocationTableViewCell.swift in Sources */ = {isa = PBXBuildFile; fileRef = AB4210BA2B75228000A554F7 /* LocationTableViewCell.swift */; };
		AB4210BE2B75238E00A554F7 /* LocationTableViewCellViewModel.swift in Sources */ = {isa = PBXBuildFile; fileRef = AB4210BD2B75238E00A554F7 /* LocationTableViewCellViewModel.swift */; };
		ABF15A322B3396B70047D208 /* RMGetAllCharactersResponse.swift in Sources */ = {isa = PBXBuildFile; fileRef = ABF15A312B3396B70047D208 /* RMGetAllCharactersResponse.swift */; };
		ABF8A0342B3050E70019916F /* RMCharacterOrigin.swift in Sources */ = {isa = PBXBuildFile; fileRef = ABF8A0332B3050E70019916F /* RMCharacterOrigin.swift */; };
		ABF8A0362B30511D0019916F /* RMCharacterLocation.swift in Sources */ = {isa = PBXBuildFile; fileRef = ABF8A0352B30511D0019916F /* RMCharacterLocation.swift */; };
		ABF8A0392B30536E0019916F /* CharacterStatus.swift in Sources */ = {isa = PBXBuildFile; fileRef = ABF8A0382B30536E0019916F /* CharacterStatus.swift */; };
		ABF8A03B2B3054630019916F /* CharacterGender.swift in Sources */ = {isa = PBXBuildFile; fileRef = ABF8A03A2B3054630019916F /* CharacterGender.swift */; };
/* End PBXBuildFile section */

/* Begin PBXContainerItemProxy section */
		AB11D0EC2B28574500567E4C /* PBXContainerItemProxy */ = {
			isa = PBXContainerItemProxy;
			containerPortal = AB11D0CD2B28574300567E4C /* Project object */;
			proxyType = 1;
			remoteGlobalIDString = AB11D0D42B28574300567E4C;
			remoteInfo = RMApp;
		};
		AB11D0F62B28574500567E4C /* PBXContainerItemProxy */ = {
			isa = PBXContainerItemProxy;
			containerPortal = AB11D0CD2B28574300567E4C /* Project object */;
			proxyType = 1;
			remoteGlobalIDString = AB11D0D42B28574300567E4C;
			remoteInfo = RMApp;
		};
/* End PBXContainerItemProxy section */

/* Begin PBXFileReference section */
		AB11D0D52B28574300567E4C /* RMApp.app */ = {isa = PBXFileReference; explicitFileType = wrapper.application; includeInIndex = 0; path = RMApp.app; sourceTree = BUILT_PRODUCTS_DIR; };
		AB11D0D82B28574300567E4C /* AppDelegate.swift */ = {isa = PBXFileReference; lastKnownFileType = sourcecode.swift; path = AppDelegate.swift; sourceTree = "<group>"; };
		AB11D0DA2B28574300567E4C /* SceneDelegate.swift */ = {isa = PBXFileReference; lastKnownFileType = sourcecode.swift; path = SceneDelegate.swift; sourceTree = "<group>"; };
		AB11D0DC2B28574300567E4C /* MainTabVC.swift */ = {isa = PBXFileReference; lastKnownFileType = sourcecode.swift; path = MainTabVC.swift; sourceTree = "<group>"; };
		AB11D0E12B28574500567E4C /* Assets.xcassets */ = {isa = PBXFileReference; lastKnownFileType = folder.assetcatalog; path = Assets.xcassets; sourceTree = "<group>"; };
		AB11D0E42B28574500567E4C /* Base */ = {isa = PBXFileReference; lastKnownFileType = file.storyboard; name = Base; path = Base.lproj/LaunchScreen.storyboard; sourceTree = "<group>"; };
		AB11D0E62B28574500567E4C /* Info.plist */ = {isa = PBXFileReference; lastKnownFileType = text.plist.xml; path = Info.plist; sourceTree = "<group>"; };
		AB11D0EB2B28574500567E4C /* RMAppTests.xctest */ = {isa = PBXFileReference; explicitFileType = wrapper.cfbundle; includeInIndex = 0; path = RMAppTests.xctest; sourceTree = BUILT_PRODUCTS_DIR; };
		AB11D0EF2B28574500567E4C /* RMAppTests.swift */ = {isa = PBXFileReference; lastKnownFileType = sourcecode.swift; path = RMAppTests.swift; sourceTree = "<group>"; };
		AB11D0F52B28574500567E4C /* RMAppUITests.xctest */ = {isa = PBXFileReference; explicitFileType = wrapper.cfbundle; includeInIndex = 0; path = RMAppUITests.xctest; sourceTree = BUILT_PRODUCTS_DIR; };
		AB11D0F92B28574500567E4C /* RMAppUITests.swift */ = {isa = PBXFileReference; lastKnownFileType = sourcecode.swift; path = RMAppUITests.swift; sourceTree = "<group>"; };
		AB11D0FB2B28574500567E4C /* RMAppUITestsLaunchTests.swift */ = {isa = PBXFileReference; lastKnownFileType = sourcecode.swift; path = RMAppUITestsLaunchTests.swift; sourceTree = "<group>"; };
		AB11D1132B285DE000567E4C /* CharacterVC.swift */ = {isa = PBXFileReference; lastKnownFileType = sourcecode.swift; path = CharacterVC.swift; sourceTree = "<group>"; };
		AB11D1152B285DF700567E4C /* LocationVC.swift */ = {isa = PBXFileReference; lastKnownFileType = sourcecode.swift; path = LocationVC.swift; sourceTree = "<group>"; };
		AB11D1172B285E0B00567E4C /* EpisodeVC.swift */ = {isa = PBXFileReference; lastKnownFileType = sourcecode.swift; path = EpisodeVC.swift; sourceTree = "<group>"; };
		AB11D1192B285E2300567E4C /* SettingsVC.swift */ = {isa = PBXFileReference; lastKnownFileType = sourcecode.swift; path = SettingsVC.swift; sourceTree = "<group>"; };
		AB11D11B2B285E9700567E4C /* RMLocation.swift */ = {isa = PBXFileReference; lastKnownFileType = sourcecode.swift; path = RMLocation.swift; sourceTree = "<group>"; };
		AB11D11D2B285EAB00567E4C /* RMEpisode.swift */ = {isa = PBXFileReference; lastKnownFileType = sourcecode.swift; path = RMEpisode.swift; sourceTree = "<group>"; };
		AB11D11F2B285EBC00567E4C /* RMCharacter.swift */ = {isa = PBXFileReference; lastKnownFileType = sourcecode.swift; path = RMCharacter.swift; sourceTree = "<group>"; };
		AB11D1212B28AC4C00567E4C /* RMService.swift */ = {isa = PBXFileReference; lastKnownFileType = sourcecode.swift; path = RMService.swift; sourceTree = "<group>"; };
		AB11D1232B28AC5B00567E4C /* RMRequest.swift */ = {isa = PBXFileReference; lastKnownFileType = sourcecode.swift; path = RMRequest.swift; sourceTree = "<group>"; };
		AB11D1252B28AD3A00567E4C /* RMEndpoint.swift */ = {isa = PBXFileReference; lastKnownFileType = sourcecode.swift; path = RMEndpoint.swift; sourceTree = "<group>"; };
		AB2C1BB52B5A8E6100722CB6 /* CharacterListViewModel.swift */ = {isa = PBXFileReference; lastKnownFileType = sourcecode.swift; path = CharacterListViewModel.swift; sourceTree = "<group>"; };
		AB2C1BB72B5A8F0500722CB6 /* CharacterListView.swift */ = {isa = PBXFileReference; lastKnownFileType = sourcecode.swift; path = CharacterListView.swift; sourceTree = "<group>"; };
		AB2C1BB92B5A9E5800722CB6 /* Extensions.swift */ = {isa = PBXFileReference; lastKnownFileType = sourcecode.swift; path = Extensions.swift; sourceTree = "<group>"; };
		AB2CD3262B5E6C4700EB6AFF /* CharacterCollectionViewCell.swift */ = {isa = PBXFileReference; lastKnownFileType = sourcecode.swift; path = CharacterCollectionViewCell.swift; sourceTree = "<group>"; };
		AB2CD3282B5E6DCE00EB6AFF /* CharacterCellViewModel.swift */ = {isa = PBXFileReference; lastKnownFileType = sourcecode.swift; path = CharacterCellViewModel.swift; sourceTree = "<group>"; };
		AB2CD32B2B5EB66B00EB6AFF /* CharacterDetailVC.swift */ = {isa = PBXFileReference; lastKnownFileType = sourcecode.swift; path = CharacterDetailVC.swift; sourceTree = "<group>"; };
		AB2CD32D2B5EB7AF00EB6AFF /* CharacterDetailView.swift */ = {isa = PBXFileReference; lastKnownFileType = sourcecode.swift; path = CharacterDetailView.swift; sourceTree = "<group>"; };
		AB2CD32F2B5EB7DF00EB6AFF /* CharacterDetailViewModel.swift */ = {isa = PBXFileReference; lastKnownFileType = sourcecode.swift; path = CharacterDetailViewModel.swift; sourceTree = "<group>"; };
		AB2CD3322B5EC53800EB6AFF /* FooterLoadingCollectionReusableView.swift */ = {isa = PBXFileReference; lastKnownFileType = sourcecode.swift; path = FooterLoadingCollectionReusableView.swift; sourceTree = "<group>"; };
		AB2CD3342B60FF6300EB6AFF /* ImageManager.swift */ = {isa = PBXFileReference; lastKnownFileType = sourcecode.swift; path = ImageManager.swift; sourceTree = "<group>"; };
		AB2CD33E2B62C0D800EB6AFF /* PhotoCharacterDetailCell.swift */ = {isa = PBXFileReference; lastKnownFileType = sourcecode.swift; path = PhotoCharacterDetailCell.swift; sourceTree = "<group>"; };
		AB2CD3402B62C0F300EB6AFF /* InfoCharacterDetailCell.swift */ = {isa = PBXFileReference; lastKnownFileType = sourcecode.swift; path = InfoCharacterDetailCell.swift; sourceTree = "<group>"; };
		AB2CD3422B62C10900EB6AFF /* EpisodeCharacterDetailCell.swift */ = {isa = PBXFileReference; lastKnownFileType = sourcecode.swift; path = EpisodeCharacterDetailCell.swift; sourceTree = "<group>"; };
		AB2CD3462B62C1D100EB6AFF /* PhotoCharacterDetailCellViewModel.swift */ = {isa = PBXFileReference; lastKnownFileType = sourcecode.swift; path = PhotoCharacterDetailCellViewModel.swift; sourceTree = "<group>"; };
		AB2CD34A2B62C2C400EB6AFF /* InfoCharacterDetailCellViewModel.swift */ = {isa = PBXFileReference; lastKnownFileType = sourcecode.swift; path = InfoCharacterDetailCellViewModel.swift; sourceTree = "<group>"; };
		AB2CD34C2B62C2D400EB6AFF /* EpisodeCharacterDetailCellViewModel.swift */ = {isa = PBXFileReference; lastKnownFileType = sourcecode.swift; path = EpisodeCharacterDetailCellViewModel.swift; sourceTree = "<group>"; };
		AB2CD34E2B67BD6500EB6AFF /* EpisodeDetailVC.swift */ = {isa = PBXFileReference; lastKnownFileType = sourcecode.swift; path = EpisodeDetailVC.swift; sourceTree = "<group>"; };
		AB2CD3502B68E5EA00EB6AFF /* APICacheManager.swift */ = {isa = PBXFileReference; lastKnownFileType = sourcecode.swift; path = APICacheManager.swift; sourceTree = "<group>"; };
		AB2CD3532B68EE7200EB6AFF /* EpisodeDetailViewModel.swift */ = {isa = PBXFileReference; lastKnownFileType = sourcecode.swift; path = EpisodeDetailViewModel.swift; sourceTree = "<group>"; };
		AB2CD3562B68EF5300EB6AFF /* EpisodeDetailView.swift */ = {isa = PBXFileReference; lastKnownFileType = sourcecode.swift; path = EpisodeDetailView.swift; sourceTree = "<group>"; };
		AB2CD35B2B69042700EB6AFF /* EpisodeListView.swift */ = {isa = PBXFileReference; lastKnownFileType = sourcecode.swift; path = EpisodeListView.swift; sourceTree = "<group>"; };
		AB2CD3602B69055800EB6AFF /* EpisodeListViewModel.swift */ = {isa = PBXFileReference; lastKnownFileType = sourcecode.swift; path = EpisodeListViewModel.swift; sourceTree = "<group>"; };
		AB2CD3622B690E5600EB6AFF /* RMGetAllEpisodesResponse.swift */ = {isa = PBXFileReference; lastKnownFileType = sourcecode.swift; path = RMGetAllEpisodesResponse.swift; sourceTree = "<group>"; };
		AB2CD3652B69243900EB6AFF /* SearchVC.swift */ = {isa = PBXFileReference; lastKnownFileType = sourcecode.swift; path = SearchVC.swift; sourceTree = "<group>"; };
		AB2CD3682B6D086D00EB6AFF /* EpisodeDetailViewCell.swift */ = {isa = PBXFileReference; lastKnownFileType = sourcecode.swift; path = EpisodeDetailViewCell.swift; sourceTree = "<group>"; };
		AB2CD36B2B6D099800EB6AFF /* EpisodeDetailCellViewModel.swift */ = {isa = PBXFileReference; lastKnownFileType = sourcecode.swift; path = EpisodeDetailCellViewModel.swift; sourceTree = "<group>"; };
		AB2CD36D2B723E6600EB6AFF /* DateFormatter.swift */ = {isa = PBXFileReference; lastKnownFileType = sourcecode.swift; path = DateFormatter.swift; sourceTree = "<group>"; };
		AB2CD3702B73D50400EB6AFF /* SettingsViewModel.swift */ = {isa = PBXFileReference; lastKnownFileType = sourcecode.swift; path = SettingsViewModel.swift; sourceTree = "<group>"; };
		AB2CD3742B73D5A300EB6AFF /* SettingsCellViewModel.swift */ = {isa = PBXFileReference; lastKnownFileType = sourcecode.swift; path = SettingsCellViewModel.swift; sourceTree = "<group>"; };
		AB2CD3762B73D65800EB6AFF /* SettingsOption.swift */ = {isa = PBXFileReference; lastKnownFileType = sourcecode.swift; path = SettingsOption.swift; sourceTree = "<group>"; };
		AB2CD3792B73DDBE00EB6AFF /* SettingsView.swift */ = {isa = PBXFileReference; lastKnownFileType = sourcecode.swift; path = SettingsView.swift; sourceTree = "<group>"; };
		AB4210B22B75068800A554F7 /* LocationListView.swift */ = {isa = PBXFileReference; lastKnownFileType = sourcecode.swift; path = LocationListView.swift; sourceTree = "<group>"; };
		AB4210B52B750E1D00A554F7 /* LocationListViewModel.swift */ = {isa = PBXFileReference; lastKnownFileType = sourcecode.swift; path = LocationListViewModel.swift; sourceTree = "<group>"; };
		AB4210B72B75161600A554F7 /* RMGetAllLocationsResponse.swift */ = {isa = PBXFileReference; lastKnownFileType = sourcecode.swift; path = RMGetAllLocationsResponse.swift; sourceTree = "<group>"; };
		AB4210BA2B75228000A554F7 /* LocationTableViewCell.swift */ = {isa = PBXFileReference; lastKnownFileType = sourcecode.swift; path = LocationTableViewCell.swift; sourceTree = "<group>"; };
		AB4210BD2B75238E00A554F7 /* LocationTableViewCellViewModel.swift */ = {isa = PBXFileReference; lastKnownFileType = sourcecode.swift; path = LocationTableViewCellViewModel.swift; sourceTree = "<group>"; };
		ABF15A312B3396B70047D208 /* RMGetAllCharactersResponse.swift */ = {isa = PBXFileReference; lastKnownFileType = sourcecode.swift; path = RMGetAllCharactersResponse.swift; sourceTree = "<group>"; };
		ABF8A0332B3050E70019916F /* RMCharacterOrigin.swift */ = {isa = PBXFileReference; lastKnownFileType = sourcecode.swift; path = RMCharacterOrigin.swift; sourceTree = "<group>"; };
		ABF8A0352B30511D0019916F /* RMCharacterLocation.swift */ = {isa = PBXFileReference; lastKnownFileType = sourcecode.swift; path = RMCharacterLocation.swift; sourceTree = "<group>"; };
		ABF8A0382B30536E0019916F /* CharacterStatus.swift */ = {isa = PBXFileReference; lastKnownFileType = sourcecode.swift; path = CharacterStatus.swift; sourceTree = "<group>"; };
		ABF8A03A2B3054630019916F /* CharacterGender.swift */ = {isa = PBXFileReference; lastKnownFileType = sourcecode.swift; path = CharacterGender.swift; sourceTree = "<group>"; };
/* End PBXFileReference section */

/* Begin PBXFrameworksBuildPhase section */
		AB11D0D22B28574300567E4C /* Frameworks */ = {
			isa = PBXFrameworksBuildPhase;
			buildActionMask = 2147483647;
			files = (
			);
			runOnlyForDeploymentPostprocessing = 0;
		};
		AB11D0E82B28574500567E4C /* Frameworks */ = {
			isa = PBXFrameworksBuildPhase;
			buildActionMask = 2147483647;
			files = (
			);
			runOnlyForDeploymentPostprocessing = 0;
		};
		AB11D0F22B28574500567E4C /* Frameworks */ = {
			isa = PBXFrameworksBuildPhase;
			buildActionMask = 2147483647;
			files = (
			);
			runOnlyForDeploymentPostprocessing = 0;
		};
/* End PBXFrameworksBuildPhase section */

/* Begin PBXGroup section */
		AB11D0CC2B28574300567E4C = {
			isa = PBXGroup;
			children = (
				AB11D0D72B28574300567E4C /* RMApp */,
				AB11D0EE2B28574500567E4C /* RMAppTests */,
				AB11D0F82B28574500567E4C /* RMAppUITests */,
				AB11D0D62B28574300567E4C /* Products */,
			);
			sourceTree = "<group>";
		};
		AB11D0D62B28574300567E4C /* Products */ = {
			isa = PBXGroup;
			children = (
				AB11D0D52B28574300567E4C /* RMApp.app */,
				AB11D0EB2B28574500567E4C /* RMAppTests.xctest */,
				AB11D0F52B28574500567E4C /* RMAppUITests.xctest */,
			);
			name = Products;
			sourceTree = "<group>";
		};
		AB11D0D72B28574300567E4C /* RMApp */ = {
			isa = PBXGroup;
			children = (
				AB11D10A2B28593600567E4C /* App */,
				AB11D10C2B285D2500567E4C /* APIClient */,
				AB11D10D2B285D3D00567E4C /* Managers */,
				AB11D10E2B285D5900567E4C /* Models */,
				AB11D10F2B285D6300567E4C /* Views */,
				AB11D1112B285D8900567E4C /* ViewModels */,
				AB11D1102B285D7500567E4C /* Controllers */,
				AB11D10B2B28595D00567E4C /* Resources */,
				AB11D0E62B28574500567E4C /* Info.plist */,
			);
			path = RMApp;
			sourceTree = "<group>";
		};
		AB11D0EE2B28574500567E4C /* RMAppTests */ = {
			isa = PBXGroup;
			children = (
				AB11D0EF2B28574500567E4C /* RMAppTests.swift */,
			);
			path = RMAppTests;
			sourceTree = "<group>";
		};
		AB11D0F82B28574500567E4C /* RMAppUITests */ = {
			isa = PBXGroup;
			children = (
				AB11D0F92B28574500567E4C /* RMAppUITests.swift */,
				AB11D0FB2B28574500567E4C /* RMAppUITestsLaunchTests.swift */,
			);
			path = RMAppUITests;
			sourceTree = "<group>";
		};
		AB11D10A2B28593600567E4C /* App */ = {
			isa = PBXGroup;
			children = (
				AB11D0D82B28574300567E4C /* AppDelegate.swift */,
				AB11D0DA2B28574300567E4C /* SceneDelegate.swift */,
			);
			path = App;
			sourceTree = "<group>";
		};
		AB11D10B2B28595D00567E4C /* Resources */ = {
			isa = PBXGroup;
			children = (
				AB2CD36D2B723E6600EB6AFF /* DateFormatter.swift */,
				AB2C1BB92B5A9E5800722CB6 /* Extensions.swift */,
				AB11D0E12B28574500567E4C /* Assets.xcassets */,
				AB11D0E32B28574500567E4C /* LaunchScreen.storyboard */,
			);
			path = Resources;
			sourceTree = "<group>";
		};
		AB11D10C2B285D2500567E4C /* APIClient */ = {
			isa = PBXGroup;
			children = (
				AB11D1212B28AC4C00567E4C /* RMService.swift */,
				AB11D1232B28AC5B00567E4C /* RMRequest.swift */,
				AB11D1252B28AD3A00567E4C /* RMEndpoint.swift */,
			);
			path = APIClient;
			sourceTree = "<group>";
		};
		AB11D10D2B285D3D00567E4C /* Managers */ = {
			isa = PBXGroup;
			children = (
				AB2CD3342B60FF6300EB6AFF /* ImageManager.swift */,
				AB2CD3502B68E5EA00EB6AFF /* APICacheManager.swift */,
			);
			path = Managers;
			sourceTree = "<group>";
		};
		AB11D10E2B285D5900567E4C /* Models */ = {
			isa = PBXGroup;
			children = (
				ABF15A342B3412C40047D208 /* APIResponseTypes */,
				ABF15A332B3412AF0047D208 /* DataTypes */,
			);
			path = Models;
			sourceTree = "<group>";
		};
		AB11D10F2B285D6300567E4C /* Views */ = {
			isa = PBXGroup;
			children = (
				AB2CD3592B6903F400EB6AFF /* Character */,
				AB2CD35A2B69040000EB6AFF /* Episode */,
				AB4210B12B75066800A554F7 /* Location */,
				AB2CD3782B73DD8B00EB6AFF /* Settings */,
				AB2CD3312B5EC50300EB6AFF /* Other */,
			);
			path = Views;
			sourceTree = "<group>";
		};
		AB11D1102B285D7500567E4C /* Controllers */ = {
			isa = PBXGroup;
			children = (
				AB11D1122B285DA900567E4C /* Core */,
				AB2CD32A2B5EB61300EB6AFF /* Detail */,
				AB2CD3642B69241400EB6AFF /* Search */,
			);
			path = Controllers;
			sourceTree = "<group>";
		};
		AB11D1112B285D8900567E4C /* ViewModels */ = {
			isa = PBXGroup;
			children = (
				AB2CD35D2B6904FE00EB6AFF /* Character */,
				AB2CD35E2B69050D00EB6AFF /* Episode */,
				AB4210B42B75099800A554F7 /* Location */,
				AB2CD36F2B73D4C500EB6AFF /* Settings */,
			);
			path = ViewModels;
			sourceTree = "<group>";
		};
		AB11D1122B285DA900567E4C /* Core */ = {
			isa = PBXGroup;
			children = (
				AB11D0DC2B28574300567E4C /* MainTabVC.swift */,
				AB11D1132B285DE000567E4C /* CharacterVC.swift */,
				AB11D1152B285DF700567E4C /* LocationVC.swift */,
				AB11D1172B285E0B00567E4C /* EpisodeVC.swift */,
				AB11D1192B285E2300567E4C /* SettingsVC.swift */,
			);
			path = Core;
			sourceTree = "<group>";
		};
		AB2CD32A2B5EB61300EB6AFF /* Detail */ = {
			isa = PBXGroup;
			children = (
				AB2CD32B2B5EB66B00EB6AFF /* CharacterDetailVC.swift */,
				AB2CD34E2B67BD6500EB6AFF /* EpisodeDetailVC.swift */,
			);
			path = Detail;
			sourceTree = "<group>";
		};
		AB2CD3312B5EC50300EB6AFF /* Other */ = {
			isa = PBXGroup;
			children = (
				AB2CD3322B5EC53800EB6AFF /* FooterLoadingCollectionReusableView.swift */,
			);
			path = Other;
			sourceTree = "<group>";
		};
		AB2CD33A2B62BFD900EB6AFF /* CharacterListView */ = {
			isa = PBXGroup;
			children = (
				AB2C1BB72B5A8F0500722CB6 /* CharacterListView.swift */,
				AB2CD33B2B62BFF100EB6AFF /* Cells */,
			);
			path = CharacterListView;
			sourceTree = "<group>";
		};
		AB2CD33B2B62BFF100EB6AFF /* Cells */ = {
			isa = PBXGroup;
			children = (
				AB2CD3262B5E6C4700EB6AFF /* CharacterCollectionViewCell.swift */,
			);
			path = Cells;
			sourceTree = "<group>";
		};
		AB2CD33C2B62C00D00EB6AFF /* CharacterDetailView */ = {
			isa = PBXGroup;
			children = (
				AB2CD32D2B5EB7AF00EB6AFF /* CharacterDetailView.swift */,
				AB2CD33D2B62C02B00EB6AFF /* Cells */,
			);
			path = CharacterDetailView;
			sourceTree = "<group>";
		};
		AB2CD33D2B62C02B00EB6AFF /* Cells */ = {
			isa = PBXGroup;
			children = (
				AB2CD33E2B62C0D800EB6AFF /* PhotoCharacterDetailCell.swift */,
				AB2CD3402B62C0F300EB6AFF /* InfoCharacterDetailCell.swift */,
				AB2CD3422B62C10900EB6AFF /* EpisodeCharacterDetailCell.swift */,
			);
			path = Cells;
			sourceTree = "<group>";
		};
		AB2CD3442B62C15400EB6AFF /* CharacterListViewModel */ = {
			isa = PBXGroup;
			children = (
				AB2C1BB52B5A8E6100722CB6 /* CharacterListViewModel.swift */,
				AB2CD3492B62C20E00EB6AFF /* CellModels */,
			);
			path = CharacterListViewModel;
			sourceTree = "<group>";
		};
		AB2CD3452B62C17700EB6AFF /* CharacterDetailViewModel */ = {
			isa = PBXGroup;
			children = (
				AB2CD32F2B5EB7DF00EB6AFF /* CharacterDetailViewModel.swift */,
				AB2CD3482B62C1F200EB6AFF /* CellModels */,
			);
			path = CharacterDetailViewModel;
			sourceTree = "<group>";
		};
		AB2CD3482B62C1F200EB6AFF /* CellModels */ = {
			isa = PBXGroup;
			children = (
				AB2CD3462B62C1D100EB6AFF /* PhotoCharacterDetailCellViewModel.swift */,
				AB2CD34A2B62C2C400EB6AFF /* InfoCharacterDetailCellViewModel.swift */,
				AB2CD34C2B62C2D400EB6AFF /* EpisodeCharacterDetailCellViewModel.swift */,
			);
			path = CellModels;
			sourceTree = "<group>";
		};
		AB2CD3492B62C20E00EB6AFF /* CellModels */ = {
			isa = PBXGroup;
			children = (
				AB2CD3282B5E6DCE00EB6AFF /* CharacterCellViewModel.swift */,
			);
			path = CellModels;
			sourceTree = "<group>";
		};
		AB2CD3522B68EE3500EB6AFF /* EpisodeDetailViewModel */ = {
			isa = PBXGroup;
			children = (
				AB2CD3532B68EE7200EB6AFF /* EpisodeDetailViewModel.swift */,
				AB2CD36A2B6D096400EB6AFF /* CellModels */,
			);
			path = EpisodeDetailViewModel;
			sourceTree = "<group>";
		};
		AB2CD3552B68EF3200EB6AFF /* EpisodeDetailView */ = {
			isa = PBXGroup;
			children = (
				AB2CD3562B68EF5300EB6AFF /* EpisodeDetailView.swift */,
				AB2CD3672B6D082B00EB6AFF /* Cells */,
			);
			path = EpisodeDetailView;
			sourceTree = "<group>";
		};
		AB2CD3582B6903D400EB6AFF /* EpisodeListView */ = {
			isa = PBXGroup;
			children = (
				AB2CD35B2B69042700EB6AFF /* EpisodeListView.swift */,
			);
			path = EpisodeListView;
			sourceTree = "<group>";
		};
		AB2CD3592B6903F400EB6AFF /* Character */ = {
			isa = PBXGroup;
			children = (
				AB2CD33A2B62BFD900EB6AFF /* CharacterListView */,
				AB2CD33C2B62C00D00EB6AFF /* CharacterDetailView */,
			);
			path = Character;
			sourceTree = "<group>";
		};
		AB2CD35A2B69040000EB6AFF /* Episode */ = {
			isa = PBXGroup;
			children = (
				AB2CD3552B68EF3200EB6AFF /* EpisodeDetailView */,
				AB2CD3582B6903D400EB6AFF /* EpisodeListView */,
			);
			path = Episode;
			sourceTree = "<group>";
		};
		AB2CD35D2B6904FE00EB6AFF /* Character */ = {
			isa = PBXGroup;
			children = (
				AB2CD3442B62C15400EB6AFF /* CharacterListViewModel */,
				AB2CD3452B62C17700EB6AFF /* CharacterDetailViewModel */,
			);
			path = Character;
			sourceTree = "<group>";
		};
		AB2CD35E2B69050D00EB6AFF /* Episode */ = {
			isa = PBXGroup;
			children = (
				AB2CD35F2B69052800EB6AFF /* EpisodeListViewModel */,
				AB2CD3522B68EE3500EB6AFF /* EpisodeDetailViewModel */,
			);
			path = Episode;
			sourceTree = "<group>";
		};
		AB2CD35F2B69052800EB6AFF /* EpisodeListViewModel */ = {
			isa = PBXGroup;
			children = (
				AB2CD3602B69055800EB6AFF /* EpisodeListViewModel.swift */,
			);
			path = EpisodeListViewModel;
			sourceTree = "<group>";
		};
		AB2CD3642B69241400EB6AFF /* Search */ = {
			isa = PBXGroup;
			children = (
				AB2CD3652B69243900EB6AFF /* SearchVC.swift */,
			);
			path = Search;
			sourceTree = "<group>";
		};
		AB2CD3672B6D082B00EB6AFF /* Cells */ = {
			isa = PBXGroup;
			children = (
				AB2CD3682B6D086D00EB6AFF /* EpisodeDetailViewCell.swift */,
			);
			path = Cells;
			sourceTree = "<group>";
		};
		AB2CD36A2B6D096400EB6AFF /* CellModels */ = {
			isa = PBXGroup;
			children = (
				AB2CD36B2B6D099800EB6AFF /* EpisodeDetailCellViewModel.swift */,
			);
			path = CellModels;
			sourceTree = "<group>";
		};
		AB2CD36F2B73D4C500EB6AFF /* Settings */ = {
			isa = PBXGroup;
			children = (
				AB2CD3702B73D50400EB6AFF /* SettingsViewModel.swift */,
				AB2CD3722B73D57900EB6AFF /* CellModels */,
				AB2CD3762B73D65800EB6AFF /* SettingsOption.swift */,
			);
			path = Settings;
			sourceTree = "<group>";
		};
		AB2CD3722B73D57900EB6AFF /* CellModels */ = {
			isa = PBXGroup;
			children = (
				AB2CD3742B73D5A300EB6AFF /* SettingsCellViewModel.swift */,
			);
			path = CellModels;
			sourceTree = "<group>";
		};
		AB2CD3782B73DD8B00EB6AFF /* Settings */ = {
			isa = PBXGroup;
			children = (
				AB2CD3792B73DDBE00EB6AFF /* SettingsView.swift */,
			);
			path = Settings;
			sourceTree = "<group>";
		};
		AB4210B12B75066800A554F7 /* Location */ = {
			isa = PBXGroup;
			children = (
				AB4210B22B75068800A554F7 /* LocationListView.swift */,
				AB4210B92B75224F00A554F7 /* Cells */,
			);
			path = Location;
			sourceTree = "<group>";
		};
		AB4210B42B75099800A554F7 /* Location */ = {
			isa = PBXGroup;
			children = (
				AB4210BC2B75237D00A554F7 /* CellModels */,
				AB4210B52B750E1D00A554F7 /* LocationListViewModel.swift */,
			);
			path = Location;
			sourceTree = "<group>";
		};
		AB4210B92B75224F00A554F7 /* Cells */ = {
			isa = PBXGroup;
			children = (
				AB4210BA2B75228000A554F7 /* LocationTableViewCell.swift */,
			);
			path = Cells;
			sourceTree = "<group>";
		};
		AB4210BC2B75237D00A554F7 /* CellModels */ = {
			isa = PBXGroup;
			children = (
				AB4210BD2B75238E00A554F7 /* LocationTableViewCellViewModel.swift */,
			);
			path = CellModels;
			sourceTree = "<group>";
		};
		ABF15A332B3412AF0047D208 /* DataTypes */ = {
			isa = PBXGroup;
			children = (
				ABF8A0372B3052C30019916F /* Character */,
				AB11D11F2B285EBC00567E4C /* RMCharacter.swift */,
				AB11D11B2B285E9700567E4C /* RMLocation.swift */,
				AB11D11D2B285EAB00567E4C /* RMEpisode.swift */,
			);
			path = DataTypes;
			sourceTree = "<group>";
		};
		ABF15A342B3412C40047D208 /* APIResponseTypes */ = {
			isa = PBXGroup;
			children = (
				ABF15A312B3396B70047D208 /* RMGetAllCharactersResponse.swift */,
				AB2CD3622B690E5600EB6AFF /* RMGetAllEpisodesResponse.swift */,
				AB4210B72B75161600A554F7 /* RMGetAllLocationsResponse.swift */,
			);
			path = APIResponseTypes;
			sourceTree = "<group>";
		};
		ABF8A0372B3052C30019916F /* Character */ = {
			isa = PBXGroup;
			children = (
				ABF8A0332B3050E70019916F /* RMCharacterOrigin.swift */,
				ABF8A0352B30511D0019916F /* RMCharacterLocation.swift */,
				ABF8A0382B30536E0019916F /* CharacterStatus.swift */,
				ABF8A03A2B3054630019916F /* CharacterGender.swift */,
			);
			path = Character;
			sourceTree = "<group>";
		};
/* End PBXGroup section */

/* Begin PBXNativeTarget section */
		AB11D0D42B28574300567E4C /* RMApp */ = {
			isa = PBXNativeTarget;
			buildConfigurationList = AB11D0FF2B28574500567E4C /* Build configuration list for PBXNativeTarget "RMApp" */;
			buildPhases = (
				AB11D0D12B28574300567E4C /* Sources */,
				AB11D0D22B28574300567E4C /* Frameworks */,
				AB11D0D32B28574300567E4C /* Resources */,
			);
			buildRules = (
			);
			dependencies = (
			);
			name = RMApp;
			productName = RMApp;
			productReference = AB11D0D52B28574300567E4C /* RMApp.app */;
			productType = "com.apple.product-type.application";
		};
		AB11D0EA2B28574500567E4C /* RMAppTests */ = {
			isa = PBXNativeTarget;
			buildConfigurationList = AB11D1022B28574500567E4C /* Build configuration list for PBXNativeTarget "RMAppTests" */;
			buildPhases = (
				AB11D0E72B28574500567E4C /* Sources */,
				AB11D0E82B28574500567E4C /* Frameworks */,
				AB11D0E92B28574500567E4C /* Resources */,
			);
			buildRules = (
			);
			dependencies = (
				AB11D0ED2B28574500567E4C /* PBXTargetDependency */,
			);
			name = RMAppTests;
			productName = RMAppTests;
			productReference = AB11D0EB2B28574500567E4C /* RMAppTests.xctest */;
			productType = "com.apple.product-type.bundle.unit-test";
		};
		AB11D0F42B28574500567E4C /* RMAppUITests */ = {
			isa = PBXNativeTarget;
			buildConfigurationList = AB11D1052B28574500567E4C /* Build configuration list for PBXNativeTarget "RMAppUITests" */;
			buildPhases = (
				AB11D0F12B28574500567E4C /* Sources */,
				AB11D0F22B28574500567E4C /* Frameworks */,
				AB11D0F32B28574500567E4C /* Resources */,
			);
			buildRules = (
			);
			dependencies = (
				AB11D0F72B28574500567E4C /* PBXTargetDependency */,
			);
			name = RMAppUITests;
			productName = RMAppUITests;
			productReference = AB11D0F52B28574500567E4C /* RMAppUITests.xctest */;
			productType = "com.apple.product-type.bundle.ui-testing";
		};
/* End PBXNativeTarget section */

/* Begin PBXProject section */
		AB11D0CD2B28574300567E4C /* Project object */ = {
			isa = PBXProject;
			attributes = {
				BuildIndependentTargetsInParallel = 1;
				LastSwiftUpdateCheck = 1500;
				LastUpgradeCheck = 1500;
				TargetAttributes = {
					AB11D0D42B28574300567E4C = {
						CreatedOnToolsVersion = 15.0.1;
					};
					AB11D0EA2B28574500567E4C = {
						CreatedOnToolsVersion = 15.0.1;
						TestTargetID = AB11D0D42B28574300567E4C;
					};
					AB11D0F42B28574500567E4C = {
						CreatedOnToolsVersion = 15.0.1;
						TestTargetID = AB11D0D42B28574300567E4C;
					};
				};
			};
			buildConfigurationList = AB11D0D02B28574300567E4C /* Build configuration list for PBXProject "RMApp" */;
			compatibilityVersion = "Xcode 14.0";
			developmentRegion = en;
			hasScannedForEncodings = 0;
			knownRegions = (
				en,
				Base,
			);
			mainGroup = AB11D0CC2B28574300567E4C;
			productRefGroup = AB11D0D62B28574300567E4C /* Products */;
			projectDirPath = "";
			projectRoot = "";
			targets = (
				AB11D0D42B28574300567E4C /* RMApp */,
				AB11D0EA2B28574500567E4C /* RMAppTests */,
				AB11D0F42B28574500567E4C /* RMAppUITests */,
			);
		};
/* End PBXProject section */

/* Begin PBXResourcesBuildPhase section */
		AB11D0D32B28574300567E4C /* Resources */ = {
			isa = PBXResourcesBuildPhase;
			buildActionMask = 2147483647;
			files = (
				AB11D0E52B28574500567E4C /* LaunchScreen.storyboard in Resources */,
				AB11D0E22B28574500567E4C /* Assets.xcassets in Resources */,
			);
			runOnlyForDeploymentPostprocessing = 0;
		};
		AB11D0E92B28574500567E4C /* Resources */ = {
			isa = PBXResourcesBuildPhase;
			buildActionMask = 2147483647;
			files = (
			);
			runOnlyForDeploymentPostprocessing = 0;
		};
		AB11D0F32B28574500567E4C /* Resources */ = {
			isa = PBXResourcesBuildPhase;
			buildActionMask = 2147483647;
			files = (
			);
			runOnlyForDeploymentPostprocessing = 0;
		};
/* End PBXResourcesBuildPhase section */

/* Begin PBXSourcesBuildPhase section */
		AB11D0D12B28574300567E4C /* Sources */ = {
			isa = PBXSourcesBuildPhase;
			buildActionMask = 2147483647;
			files = (
				AB2CD3412B62C0F300EB6AFF /* InfoCharacterDetailCell.swift in Sources */,
				AB2CD3712B73D50400EB6AFF /* SettingsViewModel.swift in Sources */,
				AB11D1162B285DF700567E4C /* LocationVC.swift in Sources */,
				ABF8A0392B30536E0019916F /* CharacterStatus.swift in Sources */,
				AB2C1BB82B5A8F0500722CB6 /* CharacterListView.swift in Sources */,
				ABF15A322B3396B70047D208 /* RMGetAllCharactersResponse.swift in Sources */,
				AB11D0DD2B28574300567E4C /* MainTabVC.swift in Sources */,
				AB2CD3662B69243900EB6AFF /* SearchVC.swift in Sources */,
				AB11D1182B285E0B00567E4C /* EpisodeVC.swift in Sources */,
				AB2CD3572B68EF5300EB6AFF /* EpisodeDetailView.swift in Sources */,
				AB2CD36E2B723E6600EB6AFF /* DateFormatter.swift in Sources */,
				ABF8A0362B30511D0019916F /* RMCharacterLocation.swift in Sources */,
				AB11D11E2B285EAB00567E4C /* RMEpisode.swift in Sources */,
				AB11D1202B285EBC00567E4C /* RMCharacter.swift in Sources */,
				AB2CD37A2B73DDBE00EB6AFF /* SettingsView.swift in Sources */,
				AB2CD35C2B69042700EB6AFF /* EpisodeListView.swift in Sources */,
				AB2CD34B2B62C2C400EB6AFF /* InfoCharacterDetailCellViewModel.swift in Sources */,
				AB2CD3542B68EE7200EB6AFF /* EpisodeDetailViewModel.swift in Sources */,
				AB2CD3512B68E5EA00EB6AFF /* APICacheManager.swift in Sources */,
				AB11D11C2B285E9700567E4C /* RMLocation.swift in Sources */,
				AB11D0D92B28574300567E4C /* AppDelegate.swift in Sources */,
				AB2CD3302B5EB7DF00EB6AFF /* CharacterDetailViewModel.swift in Sources */,
				AB2CD32C2B5EB66B00EB6AFF /* CharacterDetailVC.swift in Sources */,
				AB4210BB2B75228000A554F7 /* LocationTableViewCell.swift in Sources */,
				AB11D1222B28AC4C00567E4C /* RMService.swift in Sources */,
				AB2CD3692B6D086D00EB6AFF /* EpisodeDetailViewCell.swift in Sources */,
				AB4210B62B750E1D00A554F7 /* LocationListViewModel.swift in Sources */,
				AB11D1142B285DE000567E4C /* CharacterVC.swift in Sources */,
				AB2CD3292B5E6DCE00EB6AFF /* CharacterCellViewModel.swift in Sources */,
				AB2CD3612B69055800EB6AFF /* EpisodeListViewModel.swift in Sources */,
				AB2C1BBA2B5A9E5800722CB6 /* Extensions.swift in Sources */,
				AB2CD36C2B6D099800EB6AFF /* EpisodeDetailCellViewModel.swift in Sources */,
				AB2CD34D2B62C2D400EB6AFF /* EpisodeCharacterDetailCellViewModel.swift in Sources */,
				AB11D1262B28AD3A00567E4C /* RMEndpoint.swift in Sources */,
				ABF8A0342B3050E70019916F /* RMCharacterOrigin.swift in Sources */,
				AB2CD3752B73D5A300EB6AFF /* SettingsCellViewModel.swift in Sources */,
				AB2CD3472B62C1D100EB6AFF /* PhotoCharacterDetailCellViewModel.swift in Sources */,
				AB2CD3332B5EC53800EB6AFF /* FooterLoadingCollectionReusableView.swift in Sources */,
				AB11D0DB2B28574300567E4C /* SceneDelegate.swift in Sources */,
				ABF8A03B2B3054630019916F /* CharacterGender.swift in Sources */,
				AB2CD32E2B5EB7AF00EB6AFF /* CharacterDetailView.swift in Sources */,
				AB2CD3352B60FF6300EB6AFF /* ImageManager.swift in Sources */,
				AB11D1242B28AC5B00567E4C /* RMRequest.swift in Sources */,
				AB2CD33F2B62C0D800EB6AFF /* PhotoCharacterDetailCell.swift in Sources */,
				AB2CD3772B73D65800EB6AFF /* SettingsOption.swift in Sources */,
				AB2CD34F2B67BD6500EB6AFF /* EpisodeDetailVC.swift in Sources */,
				AB11D11A2B285E2300567E4C /* SettingsVC.swift in Sources */,
				AB2CD3272B5E6C4700EB6AFF /* CharacterCollectionViewCell.swift in Sources */,
				AB2CD3632B690E5600EB6AFF /* RMGetAllEpisodesResponse.swift in Sources */,
				AB4210BE2B75238E00A554F7 /* LocationTableViewCellViewModel.swift in Sources */,
				AB4210B32B75068800A554F7 /* LocationListView.swift in Sources */,
				AB4210B82B75161600A554F7 /* RMGetAllLocationsResponse.swift in Sources */,
				AB2C1BB62B5A8E6100722CB6 /* CharacterListViewModel.swift in Sources */,
				AB2CD3432B62C10900EB6AFF /* EpisodeCharacterDetailCell.swift in Sources */,
			);
			runOnlyForDeploymentPostprocessing = 0;
		};
		AB11D0E72B28574500567E4C /* Sources */ = {
			isa = PBXSourcesBuildPhase;
			buildActionMask = 2147483647;
			files = (
				AB11D0F02B28574500567E4C /* RMAppTests.swift in Sources */,
			);
			runOnlyForDeploymentPostprocessing = 0;
		};
		AB11D0F12B28574500567E4C /* Sources */ = {
			isa = PBXSourcesBuildPhase;
			buildActionMask = 2147483647;
			files = (
				AB11D0FA2B28574500567E4C /* RMAppUITests.swift in Sources */,
				AB11D0FC2B28574500567E4C /* RMAppUITestsLaunchTests.swift in Sources */,
			);
			runOnlyForDeploymentPostprocessing = 0;
		};
/* End PBXSourcesBuildPhase section */

/* Begin PBXTargetDependency section */
		AB11D0ED2B28574500567E4C /* PBXTargetDependency */ = {
			isa = PBXTargetDependency;
			target = AB11D0D42B28574300567E4C /* RMApp */;
			targetProxy = AB11D0EC2B28574500567E4C /* PBXContainerItemProxy */;
		};
		AB11D0F72B28574500567E4C /* PBXTargetDependency */ = {
			isa = PBXTargetDependency;
			target = AB11D0D42B28574300567E4C /* RMApp */;
			targetProxy = AB11D0F62B28574500567E4C /* PBXContainerItemProxy */;
		};
/* End PBXTargetDependency section */

/* Begin PBXVariantGroup section */
		AB11D0E32B28574500567E4C /* LaunchScreen.storyboard */ = {
			isa = PBXVariantGroup;
			children = (
				AB11D0E42B28574500567E4C /* Base */,
			);
			name = LaunchScreen.storyboard;
			sourceTree = "<group>";
		};
/* End PBXVariantGroup section */

/* Begin XCBuildConfiguration section */
		AB11D0FD2B28574500567E4C /* Debug */ = {
			isa = XCBuildConfiguration;
			buildSettings = {
				ALWAYS_SEARCH_USER_PATHS = NO;
				ASSETCATALOG_COMPILER_GENERATE_SWIFT_ASSET_SYMBOL_EXTENSIONS = YES;
				CLANG_ANALYZER_NONNULL = YES;
				CLANG_ANALYZER_NUMBER_OBJECT_CONVERSION = YES_AGGRESSIVE;
				CLANG_CXX_LANGUAGE_STANDARD = "gnu++20";
				CLANG_ENABLE_MODULES = YES;
				CLANG_ENABLE_OBJC_ARC = YES;
				CLANG_ENABLE_OBJC_WEAK = YES;
				CLANG_WARN_BLOCK_CAPTURE_AUTORELEASING = YES;
				CLANG_WARN_BOOL_CONVERSION = YES;
				CLANG_WARN_COMMA = YES;
				CLANG_WARN_CONSTANT_CONVERSION = YES;
				CLANG_WARN_DEPRECATED_OBJC_IMPLEMENTATIONS = YES;
				CLANG_WARN_DIRECT_OBJC_ISA_USAGE = YES_ERROR;
				CLANG_WARN_DOCUMENTATION_COMMENTS = YES;
				CLANG_WARN_EMPTY_BODY = YES;
				CLANG_WARN_ENUM_CONVERSION = YES;
				CLANG_WARN_INFINITE_RECURSION = YES;
				CLANG_WARN_INT_CONVERSION = YES;
				CLANG_WARN_NON_LITERAL_NULL_CONVERSION = YES;
				CLANG_WARN_OBJC_IMPLICIT_RETAIN_SELF = YES;
				CLANG_WARN_OBJC_LITERAL_CONVERSION = YES;
				CLANG_WARN_OBJC_ROOT_CLASS = YES_ERROR;
				CLANG_WARN_QUOTED_INCLUDE_IN_FRAMEWORK_HEADER = YES;
				CLANG_WARN_RANGE_LOOP_ANALYSIS = YES;
				CLANG_WARN_STRICT_PROTOTYPES = YES;
				CLANG_WARN_SUSPICIOUS_MOVE = YES;
				CLANG_WARN_UNGUARDED_AVAILABILITY = YES_AGGRESSIVE;
				CLANG_WARN_UNREACHABLE_CODE = YES;
				CLANG_WARN__DUPLICATE_METHOD_MATCH = YES;
				COPY_PHASE_STRIP = NO;
				DEBUG_INFORMATION_FORMAT = dwarf;
				ENABLE_STRICT_OBJC_MSGSEND = YES;
				ENABLE_TESTABILITY = YES;
				ENABLE_USER_SCRIPT_SANDBOXING = YES;
				GCC_C_LANGUAGE_STANDARD = gnu17;
				GCC_DYNAMIC_NO_PIC = NO;
				GCC_NO_COMMON_BLOCKS = YES;
				GCC_OPTIMIZATION_LEVEL = 0;
				GCC_PREPROCESSOR_DEFINITIONS = (
					"DEBUG=1",
					"$(inherited)",
				);
				GCC_WARN_64_TO_32_BIT_CONVERSION = YES;
				GCC_WARN_ABOUT_RETURN_TYPE = YES_ERROR;
				GCC_WARN_UNDECLARED_SELECTOR = YES;
				GCC_WARN_UNINITIALIZED_AUTOS = YES_AGGRESSIVE;
				GCC_WARN_UNUSED_FUNCTION = YES;
				GCC_WARN_UNUSED_VARIABLE = YES;
				IPHONEOS_DEPLOYMENT_TARGET = 16.6;
				LOCALIZATION_PREFERS_STRING_CATALOGS = YES;
				MTL_ENABLE_DEBUG_INFO = INCLUDE_SOURCE;
				MTL_FAST_MATH = YES;
				ONLY_ACTIVE_ARCH = YES;
				SDKROOT = iphoneos;
				SWIFT_ACTIVE_COMPILATION_CONDITIONS = "DEBUG $(inherited)";
				SWIFT_OPTIMIZATION_LEVEL = "-Onone";
			};
			name = Debug;
		};
		AB11D0FE2B28574500567E4C /* Release */ = {
			isa = XCBuildConfiguration;
			buildSettings = {
				ALWAYS_SEARCH_USER_PATHS = NO;
				ASSETCATALOG_COMPILER_GENERATE_SWIFT_ASSET_SYMBOL_EXTENSIONS = YES;
				CLANG_ANALYZER_NONNULL = YES;
				CLANG_ANALYZER_NUMBER_OBJECT_CONVERSION = YES_AGGRESSIVE;
				CLANG_CXX_LANGUAGE_STANDARD = "gnu++20";
				CLANG_ENABLE_MODULES = YES;
				CLANG_ENABLE_OBJC_ARC = YES;
				CLANG_ENABLE_OBJC_WEAK = YES;
				CLANG_WARN_BLOCK_CAPTURE_AUTORELEASING = YES;
				CLANG_WARN_BOOL_CONVERSION = YES;
				CLANG_WARN_COMMA = YES;
				CLANG_WARN_CONSTANT_CONVERSION = YES;
				CLANG_WARN_DEPRECATED_OBJC_IMPLEMENTATIONS = YES;
				CLANG_WARN_DIRECT_OBJC_ISA_USAGE = YES_ERROR;
				CLANG_WARN_DOCUMENTATION_COMMENTS = YES;
				CLANG_WARN_EMPTY_BODY = YES;
				CLANG_WARN_ENUM_CONVERSION = YES;
				CLANG_WARN_INFINITE_RECURSION = YES;
				CLANG_WARN_INT_CONVERSION = YES;
				CLANG_WARN_NON_LITERAL_NULL_CONVERSION = YES;
				CLANG_WARN_OBJC_IMPLICIT_RETAIN_SELF = YES;
				CLANG_WARN_OBJC_LITERAL_CONVERSION = YES;
				CLANG_WARN_OBJC_ROOT_CLASS = YES_ERROR;
				CLANG_WARN_QUOTED_INCLUDE_IN_FRAMEWORK_HEADER = YES;
				CLANG_WARN_RANGE_LOOP_ANALYSIS = YES;
				CLANG_WARN_STRICT_PROTOTYPES = YES;
				CLANG_WARN_SUSPICIOUS_MOVE = YES;
				CLANG_WARN_UNGUARDED_AVAILABILITY = YES_AGGRESSIVE;
				CLANG_WARN_UNREACHABLE_CODE = YES;
				CLANG_WARN__DUPLICATE_METHOD_MATCH = YES;
				COPY_PHASE_STRIP = NO;
				DEBUG_INFORMATION_FORMAT = "dwarf-with-dsym";
				ENABLE_NS_ASSERTIONS = NO;
				ENABLE_STRICT_OBJC_MSGSEND = YES;
				ENABLE_USER_SCRIPT_SANDBOXING = YES;
				GCC_C_LANGUAGE_STANDARD = gnu17;
				GCC_NO_COMMON_BLOCKS = YES;
				GCC_WARN_64_TO_32_BIT_CONVERSION = YES;
				GCC_WARN_ABOUT_RETURN_TYPE = YES_ERROR;
				GCC_WARN_UNDECLARED_SELECTOR = YES;
				GCC_WARN_UNINITIALIZED_AUTOS = YES_AGGRESSIVE;
				GCC_WARN_UNUSED_FUNCTION = YES;
				GCC_WARN_UNUSED_VARIABLE = YES;
				IPHONEOS_DEPLOYMENT_TARGET = 16.6;
				LOCALIZATION_PREFERS_STRING_CATALOGS = YES;
				MTL_ENABLE_DEBUG_INFO = NO;
				MTL_FAST_MATH = YES;
				SDKROOT = iphoneos;
				SWIFT_COMPILATION_MODE = wholemodule;
				VALIDATE_PRODUCT = YES;
			};
			name = Release;
		};
		AB11D1002B28574500567E4C /* Debug */ = {
			isa = XCBuildConfiguration;
			buildSettings = {
				ASSETCATALOG_COMPILER_APPICON_NAME = AppIcon;
				ASSETCATALOG_COMPILER_GLOBAL_ACCENT_COLOR_NAME = AccentColor;
				CODE_SIGN_STYLE = Automatic;
				CURRENT_PROJECT_VERSION = 1;
				DEVELOPMENT_TEAM = Z9KPGC6299;
				GENERATE_INFOPLIST_FILE = YES;
				INFOPLIST_FILE = RMApp/Info.plist;
				INFOPLIST_KEY_UIApplicationSupportsIndirectInputEvents = YES;
				INFOPLIST_KEY_UILaunchStoryboardName = LaunchScreen;
				INFOPLIST_KEY_UISupportedInterfaceOrientations = UIInterfaceOrientationPortrait;
				INFOPLIST_KEY_UISupportedInterfaceOrientations_iPad = "UIInterfaceOrientationLandscapeLeft UIInterfaceOrientationLandscapeRight UIInterfaceOrientationPortrait UIInterfaceOrientationPortraitUpsideDown";
				LD_RUNPATH_SEARCH_PATHS = (
					"$(inherited)",
					"@executable_path/Frameworks",
				);
				MARKETING_VERSION = 1.0;
				PRODUCT_BUNDLE_IDENTIFIER = com.albertGaripov.RMApp;
				PRODUCT_NAME = "$(TARGET_NAME)";
				SWIFT_EMIT_LOC_STRINGS = YES;
				SWIFT_VERSION = 5.0;
				TARGETED_DEVICE_FAMILY = "1,2";
			};
			name = Debug;
		};
		AB11D1012B28574500567E4C /* Release */ = {
			isa = XCBuildConfiguration;
			buildSettings = {
				ASSETCATALOG_COMPILER_APPICON_NAME = AppIcon;
				ASSETCATALOG_COMPILER_GLOBAL_ACCENT_COLOR_NAME = AccentColor;
				CODE_SIGN_STYLE = Automatic;
				CURRENT_PROJECT_VERSION = 1;
				DEVELOPMENT_TEAM = Z9KPGC6299;
				GENERATE_INFOPLIST_FILE = YES;
				INFOPLIST_FILE = RMApp/Info.plist;
				INFOPLIST_KEY_UIApplicationSupportsIndirectInputEvents = YES;
				INFOPLIST_KEY_UILaunchStoryboardName = LaunchScreen;
				INFOPLIST_KEY_UISupportedInterfaceOrientations = UIInterfaceOrientationPortrait;
				INFOPLIST_KEY_UISupportedInterfaceOrientations_iPad = "UIInterfaceOrientationLandscapeLeft UIInterfaceOrientationLandscapeRight UIInterfaceOrientationPortrait UIInterfaceOrientationPortraitUpsideDown";
				LD_RUNPATH_SEARCH_PATHS = (
					"$(inherited)",
					"@executable_path/Frameworks",
				);
				MARKETING_VERSION = 1.0;
				PRODUCT_BUNDLE_IDENTIFIER = com.albertGaripov.RMApp;
				PRODUCT_NAME = "$(TARGET_NAME)";
				SWIFT_EMIT_LOC_STRINGS = YES;
				SWIFT_VERSION = 5.0;
				TARGETED_DEVICE_FAMILY = "1,2";
			};
			name = Release;
		};
		AB11D1032B28574500567E4C /* Debug */ = {
			isa = XCBuildConfiguration;
			buildSettings = {
				ALWAYS_EMBED_SWIFT_STANDARD_LIBRARIES = YES;
				BUNDLE_LOADER = "$(TEST_HOST)";
				CODE_SIGN_STYLE = Automatic;
				CURRENT_PROJECT_VERSION = 1;
				DEVELOPMENT_TEAM = Z9KPGC6299;
				GENERATE_INFOPLIST_FILE = YES;
				IPHONEOS_DEPLOYMENT_TARGET = 17.0;
				MARKETING_VERSION = 1.0;
				PRODUCT_BUNDLE_IDENTIFIER = com.albertGaripov.RMAppTests;
				PRODUCT_NAME = "$(TARGET_NAME)";
				SWIFT_EMIT_LOC_STRINGS = NO;
				SWIFT_VERSION = 5.0;
				TARGETED_DEVICE_FAMILY = "1,2";
				TEST_HOST = "$(BUILT_PRODUCTS_DIR)/RMApp.app/$(BUNDLE_EXECUTABLE_FOLDER_PATH)/RMApp";
			};
			name = Debug;
		};
		AB11D1042B28574500567E4C /* Release */ = {
			isa = XCBuildConfiguration;
			buildSettings = {
				ALWAYS_EMBED_SWIFT_STANDARD_LIBRARIES = YES;
				BUNDLE_LOADER = "$(TEST_HOST)";
				CODE_SIGN_STYLE = Automatic;
				CURRENT_PROJECT_VERSION = 1;
				DEVELOPMENT_TEAM = Z9KPGC6299;
				GENERATE_INFOPLIST_FILE = YES;
				IPHONEOS_DEPLOYMENT_TARGET = 17.0;
				MARKETING_VERSION = 1.0;
				PRODUCT_BUNDLE_IDENTIFIER = com.albertGaripov.RMAppTests;
				PRODUCT_NAME = "$(TARGET_NAME)";
				SWIFT_EMIT_LOC_STRINGS = NO;
				SWIFT_VERSION = 5.0;
				TARGETED_DEVICE_FAMILY = "1,2";
				TEST_HOST = "$(BUILT_PRODUCTS_DIR)/RMApp.app/$(BUNDLE_EXECUTABLE_FOLDER_PATH)/RMApp";
			};
			name = Release;
		};
		AB11D1062B28574500567E4C /* Debug */ = {
			isa = XCBuildConfiguration;
			buildSettings = {
				ALWAYS_EMBED_SWIFT_STANDARD_LIBRARIES = YES;
				CODE_SIGN_STYLE = Automatic;
				CURRENT_PROJECT_VERSION = 1;
				DEVELOPMENT_TEAM = Z9KPGC6299;
				GENERATE_INFOPLIST_FILE = YES;
				MARKETING_VERSION = 1.0;
				PRODUCT_BUNDLE_IDENTIFIER = com.albertGaripov.RMAppUITests;
				PRODUCT_NAME = "$(TARGET_NAME)";
				SWIFT_EMIT_LOC_STRINGS = NO;
				SWIFT_VERSION = 5.0;
				TARGETED_DEVICE_FAMILY = "1,2";
				TEST_TARGET_NAME = RMApp;
			};
			name = Debug;
		};
		AB11D1072B28574500567E4C /* Release */ = {
			isa = XCBuildConfiguration;
			buildSettings = {
				ALWAYS_EMBED_SWIFT_STANDARD_LIBRARIES = YES;
				CODE_SIGN_STYLE = Automatic;
				CURRENT_PROJECT_VERSION = 1;
				DEVELOPMENT_TEAM = Z9KPGC6299;
				GENERATE_INFOPLIST_FILE = YES;
				MARKETING_VERSION = 1.0;
				PRODUCT_BUNDLE_IDENTIFIER = com.albertGaripov.RMAppUITests;
				PRODUCT_NAME = "$(TARGET_NAME)";
				SWIFT_EMIT_LOC_STRINGS = NO;
				SWIFT_VERSION = 5.0;
				TARGETED_DEVICE_FAMILY = "1,2";
				TEST_TARGET_NAME = RMApp;
			};
			name = Release;
		};
/* End XCBuildConfiguration section */

/* Begin XCConfigurationList section */
		AB11D0D02B28574300567E4C /* Build configuration list for PBXProject "RMApp" */ = {
			isa = XCConfigurationList;
			buildConfigurations = (
				AB11D0FD2B28574500567E4C /* Debug */,
				AB11D0FE2B28574500567E4C /* Release */,
			);
			defaultConfigurationIsVisible = 0;
			defaultConfigurationName = Release;
		};
		AB11D0FF2B28574500567E4C /* Build configuration list for PBXNativeTarget "RMApp" */ = {
			isa = XCConfigurationList;
			buildConfigurations = (
				AB11D1002B28574500567E4C /* Debug */,
				AB11D1012B28574500567E4C /* Release */,
			);
			defaultConfigurationIsVisible = 0;
			defaultConfigurationName = Release;
		};
		AB11D1022B28574500567E4C /* Build configuration list for PBXNativeTarget "RMAppTests" */ = {
			isa = XCConfigurationList;
			buildConfigurations = (
				AB11D1032B28574500567E4C /* Debug */,
				AB11D1042B28574500567E4C /* Release */,
			);
			defaultConfigurationIsVisible = 0;
			defaultConfigurationName = Release;
		};
		AB11D1052B28574500567E4C /* Build configuration list for PBXNativeTarget "RMAppUITests" */ = {
			isa = XCConfigurationList;
			buildConfigurations = (
				AB11D1062B28574500567E4C /* Debug */,
				AB11D1072B28574500567E4C /* Release */,
			);
			defaultConfigurationIsVisible = 0;
			defaultConfigurationName = Release;
		};
/* End XCConfigurationList section */
	};
	rootObject = AB11D0CD2B28574300567E4C /* Project object */;
}
